// !$*UTF8*$!
{
	archiveVersion = 1;
	classes = {
	};
	objectVersion = 46;
	objects = {

/* Begin PBXBuildFile section */
		1439C10D77A35D1539FB4D06 /* libPods.a in Frameworks */ = {isa = PBXBuildFile; fileRef = C9BAF961EE912DB029CA3253 /* libPods.a */; };
		901879411B1145C8004EB3C8 /* HNPNetworkManager.m in Sources */ = {isa = PBXBuildFile; fileRef = 901879401B1145C8004EB3C8 /* HNPNetworkManager.m */; };
		901879461B32519E004EB3C8 /* HNPWebViewController.m in Sources */ = {isa = PBXBuildFile; fileRef = 901879451B32519E004EB3C8 /* HNPWebViewController.m */; };
		903FC23A1B082837004E4750 /* main.m in Sources */ = {isa = PBXBuildFile; fileRef = 903FC2391B082837004E4750 /* main.m */; };
		903FC23D1B082837004E4750 /* AppDelegate.m in Sources */ = {isa = PBXBuildFile; fileRef = 903FC23C1B082837004E4750 /* AppDelegate.m */; };
		903FC2431B082837004E4750 /* Main.storyboard in Resources */ = {isa = PBXBuildFile; fileRef = 903FC2411B082837004E4750 /* Main.storyboard */; };
		903FC2451B082837004E4750 /* Images.xcassets in Resources */ = {isa = PBXBuildFile; fileRef = 903FC2441B082837004E4750 /* Images.xcassets */; };
		903FC2481B082837004E4750 /* LaunchScreen.xib in Resources */ = {isa = PBXBuildFile; fileRef = 903FC2461B082837004E4750 /* LaunchScreen.xib */; };
		903FC2541B082837004E4750 /* HackerNewsPlusTests.m in Sources */ = {isa = PBXBuildFile; fileRef = 903FC2531B082837004E4750 /* HackerNewsPlusTests.m */; };
		903FC2651B082B51004E4750 /* HNPMainTableViewController.m in Sources */ = {isa = PBXBuildFile; fileRef = 903FC2641B082B51004E4750 /* HNPMainTableViewController.m */; };
		903FC2691B082C89004E4750 /* HNPStoryTableViewCell.m in Sources */ = {isa = PBXBuildFile; fileRef = 903FC2671B082C89004E4750 /* HNPStoryTableViewCell.m */; };
		903FC26A1B082C89004E4750 /* HNPStoryTableViewCell.xib in Resources */ = {isa = PBXBuildFile; fileRef = 903FC2681B082C89004E4750 /* HNPStoryTableViewCell.xib */; };
		909F57471B09008F005984BB /* HNPItem.m in Sources */ = {isa = PBXBuildFile; fileRef = 909F57461B09008F005984BB /* HNPItem.m */; };
/* End PBXBuildFile section */

/* Begin PBXContainerItemProxy section */
		903FC24E1B082837004E4750 /* PBXContainerItemProxy */ = {
			isa = PBXContainerItemProxy;
			containerPortal = 903FC22C1B082837004E4750 /* Project object */;
			proxyType = 1;
			remoteGlobalIDString = 903FC2331B082837004E4750;
			remoteInfo = HackerNewsPlus;
		};
/* End PBXContainerItemProxy section */

/* Begin PBXFileReference section */
		0509493A1E83E19C764E8BCE /* Pods.debug.xcconfig */ = {isa = PBXFileReference; includeInIndex = 1; lastKnownFileType = text.xcconfig; name = Pods.debug.xcconfig; path = "Pods/Target Support Files/Pods/Pods.debug.xcconfig"; sourceTree = "<group>"; };
		9018793F1B1145C8004EB3C8 /* HNPNetworkManager.h */ = {isa = PBXFileReference; fileEncoding = 4; lastKnownFileType = sourcecode.c.h; name = HNPNetworkManager.h; path = Network/HNPNetworkManager.h; sourceTree = "<group>"; };
		901879401B1145C8004EB3C8 /* HNPNetworkManager.m */ = {isa = PBXFileReference; fileEncoding = 4; lastKnownFileType = sourcecode.c.objc; name = HNPNetworkManager.m; path = Network/HNPNetworkManager.m; sourceTree = "<group>"; };
		901879441B32519E004EB3C8 /* HNPWebViewController.h */ = {isa = PBXFileReference; fileEncoding = 4; lastKnownFileType = sourcecode.c.h; name = HNPWebViewController.h; path = Controllers/HNPWebViewController.h; sourceTree = "<group>"; };
		901879451B32519E004EB3C8 /* HNPWebViewController.m */ = {isa = PBXFileReference; fileEncoding = 4; lastKnownFileType = sourcecode.c.objc; name = HNPWebViewController.m; path = Controllers/HNPWebViewController.m; sourceTree = "<group>"; };
		903FC2341B082837004E4750 /* HackerNewsPlus.app */ = {isa = PBXFileReference; explicitFileType = wrapper.application; includeInIndex = 0; path = HackerNewsPlus.app; sourceTree = BUILT_PRODUCTS_DIR; };
		903FC2381B082837004E4750 /* Info.plist */ = {isa = PBXFileReference; lastKnownFileType = text.plist.xml; path = Info.plist; sourceTree = "<group>"; };
		903FC2391B082837004E4750 /* main.m */ = {isa = PBXFileReference; lastKnownFileType = sourcecode.c.objc; path = main.m; sourceTree = "<group>"; };
		903FC23B1B082837004E4750 /* AppDelegate.h */ = {isa = PBXFileReference; lastKnownFileType = sourcecode.c.h; path = AppDelegate.h; sourceTree = "<group>"; };
		903FC23C1B082837004E4750 /* AppDelegate.m */ = {isa = PBXFileReference; lastKnownFileType = sourcecode.c.objc; path = AppDelegate.m; sourceTree = "<group>"; };
		903FC2421B082837004E4750 /* Base */ = {isa = PBXFileReference; lastKnownFileType = file.storyboard; name = Base; path = Base.lproj/Main.storyboard; sourceTree = "<group>"; };
		903FC2441B082837004E4750 /* Images.xcassets */ = {isa = PBXFileReference; lastKnownFileType = folder.assetcatalog; path = Images.xcassets; sourceTree = "<group>"; };
		903FC2471B082837004E4750 /* Base */ = {isa = PBXFileReference; lastKnownFileType = file.xib; name = Base; path = Base.lproj/LaunchScreen.xib; sourceTree = "<group>"; };
		903FC24D1B082837004E4750 /* HackerNewsPlusTests.xctest */ = {isa = PBXFileReference; explicitFileType = wrapper.cfbundle; includeInIndex = 0; path = HackerNewsPlusTests.xctest; sourceTree = BUILT_PRODUCTS_DIR; };
		903FC2521B082837004E4750 /* Info.plist */ = {isa = PBXFileReference; lastKnownFileType = text.plist.xml; path = Info.plist; sourceTree = "<group>"; };
		903FC2531B082837004E4750 /* HackerNewsPlusTests.m */ = {isa = PBXFileReference; lastKnownFileType = sourcecode.c.objc; path = HackerNewsPlusTests.m; sourceTree = "<group>"; };
		903FC2631B082B51004E4750 /* HNPMainTableViewController.h */ = {isa = PBXFileReference; fileEncoding = 4; lastKnownFileType = sourcecode.c.h; name = HNPMainTableViewController.h; path = Controllers/HNPMainTableViewController.h; sourceTree = "<group>"; };
		903FC2641B082B51004E4750 /* HNPMainTableViewController.m */ = {isa = PBXFileReference; fileEncoding = 4; lastKnownFileType = sourcecode.c.objc; name = HNPMainTableViewController.m; path = Controllers/HNPMainTableViewController.m; sourceTree = "<group>"; };
		903FC2661B082C89004E4750 /* HNPStoryTableViewCell.h */ = {isa = PBXFileReference; fileEncoding = 4; lastKnownFileType = sourcecode.c.h; name = HNPStoryTableViewCell.h; path = Controllers/HNPStoryTableViewCell.h; sourceTree = "<group>"; };
		903FC2671B082C89004E4750 /* HNPStoryTableViewCell.m */ = {isa = PBXFileReference; fileEncoding = 4; lastKnownFileType = sourcecode.c.objc; name = HNPStoryTableViewCell.m; path = Controllers/HNPStoryTableViewCell.m; sourceTree = "<group>"; };
		903FC2681B082C89004E4750 /* HNPStoryTableViewCell.xib */ = {isa = PBXFileReference; fileEncoding = 4; lastKnownFileType = file.xib; name = HNPStoryTableViewCell.xib; path = Controllers/HNPStoryTableViewCell.xib; sourceTree = "<group>"; };
		909F57451B09008F005984BB /* HNPItem.h */ = {isa = PBXFileReference; fileEncoding = 4; lastKnownFileType = sourcecode.c.h; name = HNPItem.h; path = Model/HNPItem.h; sourceTree = "<group>"; };
		909F57461B09008F005984BB /* HNPItem.m */ = {isa = PBXFileReference; fileEncoding = 4; lastKnownFileType = sourcecode.c.objc; name = HNPItem.m; path = Model/HNPItem.m; sourceTree = "<group>"; };
		C9BAF961EE912DB029CA3253 /* libPods.a */ = {isa = PBXFileReference; explicitFileType = archive.ar; includeInIndex = 0; path = libPods.a; sourceTree = BUILT_PRODUCTS_DIR; };
		DC7A0A5872667875F5E506AA /* Pods.release.xcconfig */ = {isa = PBXFileReference; includeInIndex = 1; lastKnownFileType = text.xcconfig; name = Pods.release.xcconfig; path = "Pods/Target Support Files/Pods/Pods.release.xcconfig"; sourceTree = "<group>"; };
/* End PBXFileReference section */

/* Begin PBXFrameworksBuildPhase section */
		903FC2311B082837004E4750 /* Frameworks */ = {
			isa = PBXFrameworksBuildPhase;
			buildActionMask = 2147483647;
			files = (
				1439C10D77A35D1539FB4D06 /* libPods.a in Frameworks */,
			);
			runOnlyForDeploymentPostprocessing = 0;
		};
		903FC24A1B082837004E4750 /* Frameworks */ = {
			isa = PBXFrameworksBuildPhase;
			buildActionMask = 2147483647;
			files = (
			);
			runOnlyForDeploymentPostprocessing = 0;
		};
/* End PBXFrameworksBuildPhase section */

/* Begin PBXGroup section */
		1ADA6B417FF8F2BD94B8AAC3 /* Frameworks */ = {
			isa = PBXGroup;
			children = (
				C9BAF961EE912DB029CA3253 /* libPods.a */,
			);
			name = Frameworks;
			sourceTree = "<group>";
		};
		37C687863EAB265133ECBFE2 /* Pods */ = {
			isa = PBXGroup;
			children = (
				0509493A1E83E19C764E8BCE /* Pods.debug.xcconfig */,
				DC7A0A5872667875F5E506AA /* Pods.release.xcconfig */,
			);
			name = Pods;
			sourceTree = "<group>";
		};
		9018793E1B11456C004EB3C8 /* Network */ = {
			isa = PBXGroup;
			children = (
				9018793F1B1145C8004EB3C8 /* HNPNetworkManager.h */,
				901879401B1145C8004EB3C8 /* HNPNetworkManager.m */,
			);
			name = Network;
			sourceTree = "<group>";
		};
		903FC22B1B082837004E4750 = {
			isa = PBXGroup;
			children = (
				903FC2361B082837004E4750 /* HackerNewsPlus */,
				903FC2501B082837004E4750 /* HackerNewsPlusTests */,
				903FC2351B082837004E4750 /* Products */,
				37C687863EAB265133ECBFE2 /* Pods */,
				1ADA6B417FF8F2BD94B8AAC3 /* Frameworks */,
			);
			sourceTree = "<group>";
		};
		903FC2351B082837004E4750 /* Products */ = {
			isa = PBXGroup;
			children = (
				903FC2341B082837004E4750 /* HackerNewsPlus.app */,
				903FC24D1B082837004E4750 /* HackerNewsPlusTests.xctest */,
			);
			name = Products;
			sourceTree = "<group>";
		};
		903FC2361B082837004E4750 /* HackerNewsPlus */ = {
			isa = PBXGroup;
			children = (
				9018793E1B11456C004EB3C8 /* Network */,
				909F57441B090050005984BB /* Model */,
				903FC25D1B0829CE004E4750 /* Views */,
				903FC2621B082B06004E4750 /* Controllers */,
				903FC23B1B082837004E4750 /* AppDelegate.h */,
				903FC23C1B082837004E4750 /* AppDelegate.m */,
				903FC2371B082837004E4750 /* Supporting Files */,
			);
			path = HackerNewsPlus;
			sourceTree = "<group>";
		};
		903FC2371B082837004E4750 /* Supporting Files */ = {
			isa = PBXGroup;
			children = (
				903FC2381B082837004E4750 /* Info.plist */,
				903FC2391B082837004E4750 /* main.m */,
			);
			name = "Supporting Files";
			sourceTree = "<group>";
		};
		903FC2501B082837004E4750 /* HackerNewsPlusTests */ = {
			isa = PBXGroup;
			children = (
				903FC2531B082837004E4750 /* HackerNewsPlusTests.m */,
				903FC2511B082837004E4750 /* Supporting Files */,
			);
			path = HackerNewsPlusTests;
			sourceTree = "<group>";
		};
		903FC2511B082837004E4750 /* Supporting Files */ = {
			isa = PBXGroup;
			children = (
				903FC2521B082837004E4750 /* Info.plist */,
			);
			name = "Supporting Files";
			sourceTree = "<group>";
		};
		903FC25D1B0829CE004E4750 /* Views */ = {
			isa = PBXGroup;
			children = (
				903FC2681B082C89004E4750 /* HNPStoryTableViewCell.xib */,
				903FC2461B082837004E4750 /* LaunchScreen.xib */,
				903FC2441B082837004E4750 /* Images.xcassets */,
				903FC2411B082837004E4750 /* Main.storyboard */,
			);
			name = Views;
			sourceTree = "<group>";
		};
		903FC2621B082B06004E4750 /* Controllers */ = {
			isa = PBXGroup;
			children = (
				903FC2631B082B51004E4750 /* HNPMainTableViewController.h */,
				903FC2641B082B51004E4750 /* HNPMainTableViewController.m */,
				903FC2661B082C89004E4750 /* HNPStoryTableViewCell.h */,
				903FC2671B082C89004E4750 /* HNPStoryTableViewCell.m */,
				901879441B32519E004EB3C8 /* HNPWebViewController.h */,
				901879451B32519E004EB3C8 /* HNPWebViewController.m */,
			);
			name = Controllers;
			sourceTree = "<group>";
		};
		909F57441B090050005984BB /* Model */ = {
			isa = PBXGroup;
			children = (
				909F57451B09008F005984BB /* HNPItem.h */,
				909F57461B09008F005984BB /* HNPItem.m */,
			);
			name = Model;
			sourceTree = "<group>";
		};
/* End PBXGroup section */

/* Begin PBXNativeTarget section */
		903FC2331B082837004E4750 /* HackerNewsPlus */ = {
			isa = PBXNativeTarget;
			buildConfigurationList = 903FC2571B082837004E4750 /* Build configuration list for PBXNativeTarget "HackerNewsPlus" */;
			buildPhases = (
				464305A23E2B4872AD63FC98 /* Check Pods Manifest.lock */,
				903FC2301B082837004E4750 /* Sources */,
				903FC2311B082837004E4750 /* Frameworks */,
				903FC2321B082837004E4750 /* Resources */,
				FD5DE988BEDC422B8658E43F /* Copy Pods Resources */,
			);
			buildRules = (
			);
			dependencies = (
			);
			name = HackerNewsPlus;
			productName = HackerNewsPlus;
			productReference = 903FC2341B082837004E4750 /* HackerNewsPlus.app */;
			productType = "com.apple.product-type.application";
		};
		903FC24C1B082837004E4750 /* HackerNewsPlusTests */ = {
			isa = PBXNativeTarget;
			buildConfigurationList = 903FC25A1B082837004E4750 /* Build configuration list for PBXNativeTarget "HackerNewsPlusTests" */;
			buildPhases = (
				903FC2491B082837004E4750 /* Sources */,
				903FC24A1B082837004E4750 /* Frameworks */,
				903FC24B1B082837004E4750 /* Resources */,
			);
			buildRules = (
			);
			dependencies = (
				903FC24F1B082837004E4750 /* PBXTargetDependency */,
			);
			name = HackerNewsPlusTests;
			productName = HackerNewsPlusTests;
			productReference = 903FC24D1B082837004E4750 /* HackerNewsPlusTests.xctest */;
			productType = "com.apple.product-type.bundle.unit-test";
		};
/* End PBXNativeTarget section */

/* Begin PBXProject section */
		903FC22C1B082837004E4750 /* Project object */ = {
			isa = PBXProject;
			attributes = {
				LastUpgradeCheck = 0630;
				ORGANIZATIONNAME = "Aseem Kohli";
				TargetAttributes = {
					903FC2331B082837004E4750 = {
						CreatedOnToolsVersion = 6.3.1;
					};
					903FC24C1B082837004E4750 = {
						CreatedOnToolsVersion = 6.3.1;
						TestTargetID = 903FC2331B082837004E4750;
					};
				};
			};
			buildConfigurationList = 903FC22F1B082837004E4750 /* Build configuration list for PBXProject "HackerNewsPlus" */;
			compatibilityVersion = "Xcode 3.2";
			developmentRegion = English;
			hasScannedForEncodings = 0;
			knownRegions = (
				en,
				Base,
			);
			mainGroup = 903FC22B1B082837004E4750;
			productRefGroup = 903FC2351B082837004E4750 /* Products */;
			projectDirPath = "";
			projectRoot = "";
			targets = (
				903FC2331B082837004E4750 /* HackerNewsPlus */,
				903FC24C1B082837004E4750 /* HackerNewsPlusTests */,
			);
		};
/* End PBXProject section */

/* Begin PBXResourcesBuildPhase section */
		903FC2321B082837004E4750 /* Resources */ = {
			isa = PBXResourcesBuildPhase;
			buildActionMask = 2147483647;
			files = (
				903FC2431B082837004E4750 /* Main.storyboard in Resources */,
				903FC2481B082837004E4750 /* LaunchScreen.xib in Resources */,
				903FC2451B082837004E4750 /* Images.xcassets in Resources */,
				903FC26A1B082C89004E4750 /* HNPStoryTableViewCell.xib in Resources */,
			);
			runOnlyForDeploymentPostprocessing = 0;
		};
		903FC24B1B082837004E4750 /* Resources */ = {
			isa = PBXResourcesBuildPhase;
			buildActionMask = 2147483647;
			files = (
			);
			runOnlyForDeploymentPostprocessing = 0;
		};
/* End PBXResourcesBuildPhase section */

/* Begin PBXShellScriptBuildPhase section */
		464305A23E2B4872AD63FC98 /* Check Pods Manifest.lock */ = {
			isa = PBXShellScriptBuildPhase;
			buildActionMask = 2147483647;
			files = (
			);
			inputPaths = (
			);
			name = "Check Pods Manifest.lock";
			outputPaths = (
			);
			runOnlyForDeploymentPostprocessing = 0;
			shellPath = /bin/sh;
			shellScript = "diff \"${PODS_ROOT}/../Podfile.lock\" \"${PODS_ROOT}/Manifest.lock\" > /dev/null\nif [[ $? != 0 ]] ; then\n    cat << EOM\nerror: The sandbox is not in sync with the Podfile.lock. Run 'pod install' or update your CocoaPods installation.\nEOM\n    exit 1\nfi\n";
			showEnvVarsInLog = 0;
		};
		FD5DE988BEDC422B8658E43F /* Copy Pods Resources */ = {
			isa = PBXShellScriptBuildPhase;
			buildActionMask = 2147483647;
			files = (
			);
			inputPaths = (
			);
			name = "Copy Pods Resources";
			outputPaths = (
			);
			runOnlyForDeploymentPostprocessing = 0;
			shellPath = /bin/sh;
			shellScript = "\"${SRCROOT}/Pods/Target Support Files/Pods/Pods-resources.sh\"\n";
			showEnvVarsInLog = 0;
		};
/* End PBXShellScriptBuildPhase section */

/* Begin PBXSourcesBuildPhase section */
		903FC2301B082837004E4750 /* Sources */ = {
			isa = PBXSourcesBuildPhase;
			buildActionMask = 2147483647;
			files = (
				901879461B32519E004EB3C8 /* HNPWebViewController.m in Sources */,
				903FC2691B082C89004E4750 /* HNPStoryTableViewCell.m in Sources */,
				901879411B1145C8004EB3C8 /* HNPNetworkManager.m in Sources */,
				903FC23D1B082837004E4750 /* AppDelegate.m in Sources */,
				903FC2651B082B51004E4750 /* HNPMainTableViewController.m in Sources */,
				909F57471B09008F005984BB /* HNPItem.m in Sources */,
				903FC23A1B082837004E4750 /* main.m in Sources */,
			);
			runOnlyForDeploymentPostprocessing = 0;
		};
		903FC2491B082837004E4750 /* Sources */ = {
			isa = PBXSourcesBuildPhase;
			buildActionMask = 2147483647;
			files = (
				903FC2541B082837004E4750 /* HackerNewsPlusTests.m in Sources */,
			);
			runOnlyForDeploymentPostprocessing = 0;
		};
/* End PBXSourcesBuildPhase section */

/* Begin PBXTargetDependency section */
		903FC24F1B082837004E4750 /* PBXTargetDependency */ = {
			isa = PBXTargetDependency;
			target = 903FC2331B082837004E4750 /* HackerNewsPlus */;
			targetProxy = 903FC24E1B082837004E4750 /* PBXContainerItemProxy */;
		};
/* End PBXTargetDependency section */

/* Begin PBXVariantGroup section */
		903FC2411B082837004E4750 /* Main.storyboard */ = {
			isa = PBXVariantGroup;
			children = (
				903FC2421B082837004E4750 /* Base */,
			);
			name = Main.storyboard;
			sourceTree = "<group>";
		};
		903FC2461B082837004E4750 /* LaunchScreen.xib */ = {
			isa = PBXVariantGroup;
			children = (
				903FC2471B082837004E4750 /* Base */,
			);
			name = LaunchScreen.xib;
			sourceTree = "<group>";
		};
/* End PBXVariantGroup section */

/* Begin XCBuildConfiguration section */
		903FC2551B082837004E4750 /* Debug */ = {
			isa = XCBuildConfiguration;
			buildSettings = {
				ALWAYS_SEARCH_USER_PATHS = NO;
				CLANG_CXX_LANGUAGE_STANDARD = "gnu++0x";
				CLANG_CXX_LIBRARY = "libc++";
				CLANG_ENABLE_MODULES = YES;
				CLANG_ENABLE_OBJC_ARC = YES;
				CLANG_WARN_BOOL_CONVERSION = YES;
				CLANG_WARN_CONSTANT_CONVERSION = YES;
				CLANG_WARN_DIRECT_OBJC_ISA_USAGE = YES_ERROR;
				CLANG_WARN_EMPTY_BODY = YES;
				CLANG_WARN_ENUM_CONVERSION = YES;
				CLANG_WARN_INT_CONVERSION = YES;
				CLANG_WARN_OBJC_ROOT_CLASS = YES_ERROR;
				CLANG_WARN_UNREACHABLE_CODE = YES;
				CLANG_WARN__DUPLICATE_METHOD_MATCH = YES;
				"CODE_SIGN_IDENTITY[sdk=iphoneos*]" = "iPhone Developer";
				COPY_PHASE_STRIP = NO;
				DEBUG_INFORMATION_FORMAT = "dwarf-with-dsym";
				ENABLE_STRICT_OBJC_MSGSEND = YES;
				GCC_C_LANGUAGE_STANDARD = gnu99;
				GCC_DYNAMIC_NO_PIC = NO;
				GCC_NO_COMMON_BLOCKS = YES;
				GCC_OPTIMIZATION_LEVEL = 0;
				GCC_PREPROCESSOR_DEFINITIONS = (
					"DEBUG=1",
					"$(inherited)",
				);
				GCC_SYMBOLS_PRIVATE_EXTERN = NO;
				GCC_WARN_64_TO_32_BIT_CONVERSION = YES;
				GCC_WARN_ABOUT_RETURN_TYPE = YES_ERROR;
				GCC_WARN_UNDECLARED_SELECTOR = YES;
				GCC_WARN_UNINITIALIZED_AUTOS = YES_AGGRESSIVE;
				GCC_WARN_UNUSED_FUNCTION = YES;
				GCC_WARN_UNUSED_VARIABLE = YES;
				IPHONEOS_DEPLOYMENT_TARGET = 8.0;
				MTL_ENABLE_DEBUG_INFO = YES;
				ONLY_ACTIVE_ARCH = YES;
				SDKROOT = iphoneos;
				TARGETED_DEVICE_FAMILY = "1,2";
			};
			name = Debug;
		};
		903FC2561B082837004E4750 /* Release */ = {
			isa = XCBuildConfiguration;
			buildSettings = {
				ALWAYS_SEARCH_USER_PATHS = NO;
				CLANG_CXX_LANGUAGE_STANDARD = "gnu++0x";
				CLANG_CXX_LIBRARY = "libc++";
				CLANG_ENABLE_MODULES = YES;
				CLANG_ENABLE_OBJC_ARC = YES;
				CLANG_WARN_BOOL_CONVERSION = YES;
				CLANG_WARN_CONSTANT_CONVERSION = YES;
				CLANG_WARN_DIRECT_OBJC_ISA_USAGE = YES_ERROR;
				CLANG_WARN_EMPTY_BODY = YES;
				CLANG_WARN_ENUM_CONVERSION = YES;
				CLANG_WARN_INT_CONVERSION = YES;
				CLANG_WARN_OBJC_ROOT_CLASS = YES_ERROR;
				CLANG_WARN_UNREACHABLE_CODE = YES;
				CLANG_WARN__DUPLICATE_METHOD_MATCH = YES;
				"CODE_SIGN_IDENTITY[sdk=iphoneos*]" = "iPhone Developer";
				COPY_PHASE_STRIP = NO;
				DEBUG_INFORMATION_FORMAT = "dwarf-with-dsym";
				ENABLE_NS_ASSERTIONS = NO;
				ENABLE_STRICT_OBJC_MSGSEND = YES;
				GCC_C_LANGUAGE_STANDARD = gnu99;
				GCC_NO_COMMON_BLOCKS = YES;
				GCC_WARN_64_TO_32_BIT_CONVERSION = YES;
				GCC_WARN_ABOUT_RETURN_TYPE = YES_ERROR;
				GCC_WARN_UNDECLARED_SELECTOR = YES;
				GCC_WARN_UNINITIALIZED_AUTOS = YES_AGGRESSIVE;
				GCC_WARN_UNUSED_FUNCTION = YES;
				GCC_WARN_UNUSED_VARIABLE = YES;
				IPHONEOS_DEPLOYMENT_TARGET = 8.0;
				MTL_ENABLE_DEBUG_INFO = NO;
				SDKROOT = iphoneos;
				TARGETED_DEVICE_FAMILY = "1,2";
				VALIDATE_PRODUCT = YES;
			};
			name = Release;
		};
		903FC2581B082837004E4750 /* Debug */ = {
			isa = XCBuildConfiguration;
			baseConfigurationReference = 0509493A1E83E19C764E8BCE /* Pods.debug.xcconfig */;
			buildSettings = {
				ASSETCATALOG_COMPILER_APPICON_NAME = AppIcon;
				INFOPLIST_FILE = HackerNewsPlus/Info.plist;
				LD_RUNPATH_SEARCH_PATHS = "$(inherited) @executable_path/Frameworks";
				PRODUCT_NAME = "$(TARGET_NAME)";
			};
			name = Debug;
		};
		903FC2591B082837004E4750 /* Release */ = {
			isa = XCBuildConfiguration;
			baseConfigurationReference = DC7A0A5872667875F5E506AA /* Pods.release.xcconfig */;
			buildSettings = {
				ASSETCATALOG_COMPILER_APPICON_NAME = AppIcon;
				INFOPLIST_FILE = HackerNewsPlus/Info.plist;
				LD_RUNPATH_SEARCH_PATHS = "$(inherited) @executable_path/Frameworks";
				PRODUCT_NAME = "$(TARGET_NAME)";
			};
			name = Release;
		};
		903FC25B1B082837004E4750 /* Debug */ = {
			isa = XCBuildConfiguration;
			buildSettings = {
				BUNDLE_LOADER = "$(TEST_HOST)";
				FRAMEWORK_SEARCH_PATHS = (
					"$(SDKROOT)/Developer/Library/Frameworks",
					"$(inherited)",
				);
				GCC_PREPROCESSOR_DEFINITIONS = (
					"DEBUG=1",
					"$(inherited)",
				);
				INFOPLIST_FILE = HackerNewsPlusTests/Info.plist;
				LD_RUNPATH_SEARCH_PATHS = "$(inherited) @executable_path/Frameworks @loader_path/Frameworks";
				PRODUCT_NAME = "$(TARGET_NAME)";
				TEST_HOST = "$(BUILT_PRODUCTS_DIR)/HackerNewsPlus.app/HackerNewsPlus";
			};
			name = Debug;
		};
		903FC25C1B082837004E4750 /* Release */ = {
			isa = XCBuildConfiguration;
			buildSettings = {
				BUNDLE_LOADER = "$(TEST_HOST)";
				FRAMEWORK_SEARCH_PATHS = (
					"$(SDKROOT)/Developer/Library/Frameworks",
					"$(inherited)",
				);
				INFOPLIST_FILE = HackerNewsPlusTests/Info.plist;
				LD_RUNPATH_SEARCH_PATHS = "$(inherited) @executable_path/Frameworks @loader_path/Frameworks";
				PRODUCT_NAME = "$(TARGET_NAME)";
				TEST_HOST = "$(BUILT_PRODUCTS_DIR)/HackerNewsPlus.app/HackerNewsPlus";
			};
			name = Release;
		};
/* End XCBuildConfiguration section */

/* Begin XCConfigurationList section */
		903FC22F1B082837004E4750 /* Build configuration list for PBXProject "HackerNewsPlus" */ = {
			isa = XCConfigurationList;
			buildConfigurations = (
				903FC2551B082837004E4750 /* Debug */,
				903FC2561B082837004E4750 /* Release */,
			);
			defaultConfigurationIsVisible = 0;
			defaultConfigurationName = Release;
		};
		903FC2571B082837004E4750 /* Build configuration list for PBXNativeTarget "HackerNewsPlus" */ = {
			isa = XCConfigurationList;
			buildConfigurations = (
				903FC2581B082837004E4750 /* Debug */,
				903FC2591B082837004E4750 /* Release */,
			);
			defaultConfigurationIsVisible = 0;
			defaultConfigurationName = Release;
		};
		903FC25A1B082837004E4750 /* Build configuration list for PBXNativeTarget "HackerNewsPlusTests" */ = {
			isa = XCConfigurationList;
			buildConfigurations = (
				903FC25B1B082837004E4750 /* Debug */,
				903FC25C1B082837004E4750 /* Release */,
			);
			defaultConfigurationIsVisible = 0;
			defaultConfigurationName = Release;
		};
/* End XCConfigurationList section */
	};
	rootObject = 903FC22C1B082837004E4750 /* Project object */;
}
